// !$*UTF8*$!
{
	archiveVersion = 1;
	classes = {
	};
	objectVersion = 50;
	objects = {

/* Begin PBXBuildFile section */
		6B83E0B4260237FC003308E3 /* AppDelegate.swift in Sources */ = {isa = PBXBuildFile; fileRef = 6B83E0B3260237FC003308E3 /* AppDelegate.swift */; };
		6B83E0B6260237FC003308E3 /* SceneDelegate.swift in Sources */ = {isa = PBXBuildFile; fileRef = 6B83E0B5260237FC003308E3 /* SceneDelegate.swift */; };
		6B83E0B8260237FC003308E3 /* ViewController.swift in Sources */ = {isa = PBXBuildFile; fileRef = 6B83E0B7260237FC003308E3 /* ViewController.swift */; };
		6B83E0BB260237FC003308E3 /* Main.storyboard in Resources */ = {isa = PBXBuildFile; fileRef = 6B83E0B9260237FC003308E3 /* Main.storyboard */; };
		6B83E0BD260237FD003308E3 /* Assets.xcassets in Resources */ = {isa = PBXBuildFile; fileRef = 6B83E0BC260237FD003308E3 /* Assets.xcassets */; };
		6B83E0C0260237FD003308E3 /* LaunchScreen.storyboard in Resources */ = {isa = PBXBuildFile; fileRef = 6B83E0BE260237FD003308E3 /* LaunchScreen.storyboard */; };
		6B83E0CB260237FD003308E3 /* instagram_cloneTests.swift in Sources */ = {isa = PBXBuildFile; fileRef = 6B83E0CA260237FD003308E3 /* instagram_cloneTests.swift */; };
		6B83E0D6260237FD003308E3 /* instagram_cloneUITests.swift in Sources */ = {isa = PBXBuildFile; fileRef = 6B83E0D5260237FD003308E3 /* instagram_cloneUITests.swift */; };
		6B83E0F0260239BE003308E3 /* MainTabController.swift in Sources */ = {isa = PBXBuildFile; fileRef = 6B83E0EF260239BE003308E3 /* MainTabController.swift */; };
		6B83E0F826023C31003308E3 /* FeedController.swift in Sources */ = {isa = PBXBuildFile; fileRef = 6B83E0F726023C31003308E3 /* FeedController.swift */; };
		6B83E0FD26023C3E003308E3 /* SearchController.swift in Sources */ = {isa = PBXBuildFile; fileRef = 6B83E0FC26023C3E003308E3 /* SearchController.swift */; };
		6B83E10226023C4C003308E3 /* ImageSelectorController.swift in Sources */ = {isa = PBXBuildFile; fileRef = 6B83E10126023C4C003308E3 /* ImageSelectorController.swift */; };
		6B83E10726023C59003308E3 /* NotificationController.swift in Sources */ = {isa = PBXBuildFile; fileRef = 6B83E10626023C59003308E3 /* NotificationController.swift */; };
		6B83E10C26023C65003308E3 /* ProfileController.swift in Sources */ = {isa = PBXBuildFile; fileRef = 6B83E10B26023C65003308E3 /* ProfileController.swift */; };
/* End PBXBuildFile section */

/* Begin PBXContainerItemProxy section */
		6B83E0C7260237FD003308E3 /* PBXContainerItemProxy */ = {
			isa = PBXContainerItemProxy;
			containerPortal = 6B83E0A8260237FC003308E3 /* Project object */;
			proxyType = 1;
			remoteGlobalIDString = 6B83E0AF260237FC003308E3;
			remoteInfo = "instagram-clone";
		};
		6B83E0D2260237FD003308E3 /* PBXContainerItemProxy */ = {
			isa = PBXContainerItemProxy;
			containerPortal = 6B83E0A8260237FC003308E3 /* Project object */;
			proxyType = 1;
			remoteGlobalIDString = 6B83E0AF260237FC003308E3;
			remoteInfo = "instagram-clone";
		};
/* End PBXContainerItemProxy section */

/* Begin PBXFileReference section */
		6B83E0B0260237FC003308E3 /* instagram-clone.app */ = {isa = PBXFileReference; explicitFileType = wrapper.application; includeInIndex = 0; path = "instagram-clone.app"; sourceTree = BUILT_PRODUCTS_DIR; };
		6B83E0B3260237FC003308E3 /* AppDelegate.swift */ = {isa = PBXFileReference; lastKnownFileType = sourcecode.swift; path = AppDelegate.swift; sourceTree = "<group>"; };
		6B83E0B5260237FC003308E3 /* SceneDelegate.swift */ = {isa = PBXFileReference; lastKnownFileType = sourcecode.swift; path = SceneDelegate.swift; sourceTree = "<group>"; };
		6B83E0B7260237FC003308E3 /* ViewController.swift */ = {isa = PBXFileReference; lastKnownFileType = sourcecode.swift; path = ViewController.swift; sourceTree = "<group>"; };
		6B83E0BA260237FC003308E3 /* Base */ = {isa = PBXFileReference; lastKnownFileType = file.storyboard; name = Base; path = Base.lproj/Main.storyboard; sourceTree = "<group>"; };
		6B83E0BC260237FD003308E3 /* Assets.xcassets */ = {isa = PBXFileReference; lastKnownFileType = folder.assetcatalog; path = Assets.xcassets; sourceTree = "<group>"; };
		6B83E0BF260237FD003308E3 /* Base */ = {isa = PBXFileReference; lastKnownFileType = file.storyboard; name = Base; path = Base.lproj/LaunchScreen.storyboard; sourceTree = "<group>"; };
		6B83E0C1260237FD003308E3 /* Info.plist */ = {isa = PBXFileReference; lastKnownFileType = text.plist.xml; path = Info.plist; sourceTree = "<group>"; };
		6B83E0C6260237FD003308E3 /* instagram-cloneTests.xctest */ = {isa = PBXFileReference; explicitFileType = wrapper.cfbundle; includeInIndex = 0; path = "instagram-cloneTests.xctest"; sourceTree = BUILT_PRODUCTS_DIR; };
		6B83E0CA260237FD003308E3 /* instagram_cloneTests.swift */ = {isa = PBXFileReference; lastKnownFileType = sourcecode.swift; path = instagram_cloneTests.swift; sourceTree = "<group>"; };
		6B83E0CC260237FD003308E3 /* Info.plist */ = {isa = PBXFileReference; lastKnownFileType = text.plist.xml; path = Info.plist; sourceTree = "<group>"; };
		6B83E0D1260237FD003308E3 /* instagram-cloneUITests.xctest */ = {isa = PBXFileReference; explicitFileType = wrapper.cfbundle; includeInIndex = 0; path = "instagram-cloneUITests.xctest"; sourceTree = BUILT_PRODUCTS_DIR; };
		6B83E0D5260237FD003308E3 /* instagram_cloneUITests.swift */ = {isa = PBXFileReference; lastKnownFileType = sourcecode.swift; path = instagram_cloneUITests.swift; sourceTree = "<group>"; };
		6B83E0D7260237FD003308E3 /* Info.plist */ = {isa = PBXFileReference; lastKnownFileType = text.plist.xml; path = Info.plist; sourceTree = "<group>"; };
		6B83E0EF260239BE003308E3 /* MainTabController.swift */ = {isa = PBXFileReference; lastKnownFileType = sourcecode.swift; path = MainTabController.swift; sourceTree = "<group>"; };
		6B83E0F726023C31003308E3 /* FeedController.swift */ = {isa = PBXFileReference; lastKnownFileType = sourcecode.swift; path = FeedController.swift; sourceTree = "<group>"; };
		6B83E0FC26023C3E003308E3 /* SearchController.swift */ = {isa = PBXFileReference; lastKnownFileType = sourcecode.swift; path = SearchController.swift; sourceTree = "<group>"; };
		6B83E10126023C4C003308E3 /* ImageSelectorController.swift */ = {isa = PBXFileReference; lastKnownFileType = sourcecode.swift; path = ImageSelectorController.swift; sourceTree = "<group>"; };
		6B83E10626023C59003308E3 /* NotificationController.swift */ = {isa = PBXFileReference; lastKnownFileType = sourcecode.swift; path = NotificationController.swift; sourceTree = "<group>"; };
		6B83E10B26023C65003308E3 /* ProfileController.swift */ = {isa = PBXFileReference; lastKnownFileType = sourcecode.swift; path = ProfileController.swift; sourceTree = "<group>"; };
/* End PBXFileReference section */

/* Begin PBXFrameworksBuildPhase section */
		6B83E0AD260237FC003308E3 /* Frameworks */ = {
			isa = PBXFrameworksBuildPhase;
			buildActionMask = 2147483647;
			files = (
			);
			runOnlyForDeploymentPostprocessing = 0;
		};
		6B83E0C3260237FD003308E3 /* Frameworks */ = {
			isa = PBXFrameworksBuildPhase;
			buildActionMask = 2147483647;
			files = (
			);
			runOnlyForDeploymentPostprocessing = 0;
		};
		6B83E0CE260237FD003308E3 /* Frameworks */ = {
			isa = PBXFrameworksBuildPhase;
			buildActionMask = 2147483647;
			files = (
			);
			runOnlyForDeploymentPostprocessing = 0;
		};
/* End PBXFrameworksBuildPhase section */

/* Begin PBXGroup section */
		6B83E0A7260237FC003308E3 = {
			isa = PBXGroup;
			children = (
				6B83E0B2260237FC003308E3 /* instagram-clone */,
				6B83E0C9260237FD003308E3 /* instagram-cloneTests */,
				6B83E0D4260237FD003308E3 /* instagram-cloneUITests */,
				6B83E0B1260237FC003308E3 /* Products */,
			);
			sourceTree = "<group>";
		};
		6B83E0B1260237FC003308E3 /* Products */ = {
			isa = PBXGroup;
			children = (
				6B83E0B0260237FC003308E3 /* instagram-clone.app */,
				6B83E0C6260237FD003308E3 /* instagram-cloneTests.xctest */,
				6B83E0D1260237FD003308E3 /* instagram-cloneUITests.xctest */,
			);
			name = Products;
			sourceTree = "<group>";
		};
		6B83E0B2260237FC003308E3 /* instagram-clone */ = {
			isa = PBXGroup;
			children = (
				6B83E0EB260238EF003308E3 /* Model */,
				6B83E0EA260238E9003308E3 /* View */,
				6B83E0E9260238E7003308E3 /* ViewModel */,
				6B83E0E8260238E5003308E3 /* Controller */,
				6B83E0E7260238E3003308E3 /* API */,
				6B83E0E6260238DF003308E3 /* Utils */,
				6B83E0B3260237FC003308E3 /* AppDelegate.swift */,
				6B83E0B5260237FC003308E3 /* SceneDelegate.swift */,
				6B83E0B7260237FC003308E3 /* ViewController.swift */,
				6B83E0B9260237FC003308E3 /* Main.storyboard */,
				6B83E0BC260237FD003308E3 /* Assets.xcassets */,
				6B83E0C1260237FD003308E3 /* Info.plist */,
			);
			path = "instagram-clone";
			sourceTree = "<group>";
		};
		6B83E0C9260237FD003308E3 /* instagram-cloneTests */ = {
			isa = PBXGroup;
			children = (
				6B83E0CA260237FD003308E3 /* instagram_cloneTests.swift */,
				6B83E0CC260237FD003308E3 /* Info.plist */,
			);
			path = "instagram-cloneTests";
			sourceTree = "<group>";
		};
		6B83E0D4260237FD003308E3 /* instagram-cloneUITests */ = {
			isa = PBXGroup;
			children = (
				6B83E0D5260237FD003308E3 /* instagram_cloneUITests.swift */,
				6B83E0D7260237FD003308E3 /* Info.plist */,
			);
			path = "instagram-cloneUITests";
			sourceTree = "<group>";
		};
		6B83E0E6260238DF003308E3 /* Utils */ = {
			isa = PBXGroup;
			children = (
			);
			path = Utils;
			sourceTree = "<group>";
		};
		6B83E0E7260238E3003308E3 /* API */ = {
			isa = PBXGroup;
			children = (
			);
			path = API;
			sourceTree = "<group>";
		};
		6B83E0E8260238E5003308E3 /* Controller */ = {
			isa = PBXGroup;
			children = (
				6B83E0EF260239BE003308E3 /* MainTabController.swift */,
				6B83E0F726023C31003308E3 /* FeedController.swift */,
				6B83E0FC26023C3E003308E3 /* SearchController.swift */,
				6B83E10126023C4C003308E3 /* ImageSelectorController.swift */,
				6B83E10626023C59003308E3 /* NotificationController.swift */,
				6B83E10B26023C65003308E3 /* ProfileController.swift */,
			);
			path = Controller;
			sourceTree = "<group>";
		};
		6B83E0E9260238E7003308E3 /* ViewModel */ = {
			isa = PBXGroup;
			children = (
			);
			path = ViewModel;
			sourceTree = "<group>";
		};
		6B83E0EA260238E9003308E3 /* View */ = {
			isa = PBXGroup;
			children = (
				6B83E0BE260237FD003308E3 /* LaunchScreen.storyboard */,
			);
			path = View;
			sourceTree = "<group>";
		};
		6B83E0EB260238EF003308E3 /* Model */ = {
			isa = PBXGroup;
			children = (
			);
			path = Model;
			sourceTree = "<group>";
		};
/* End PBXGroup section */

/* Begin PBXNativeTarget section */
		6B83E0AF260237FC003308E3 /* instagram-clone */ = {
			isa = PBXNativeTarget;
			buildConfigurationList = 6B83E0DA260237FD003308E3 /* Build configuration list for PBXNativeTarget "instagram-clone" */;
			buildPhases = (
				6B83E0AC260237FC003308E3 /* Sources */,
				6B83E0AD260237FC003308E3 /* Frameworks */,
				6B83E0AE260237FC003308E3 /* Resources */,
			);
			buildRules = (
			);
			dependencies = (
			);
			name = "instagram-clone";
			productName = "instagram-clone";
			productReference = 6B83E0B0260237FC003308E3 /* instagram-clone.app */;
			productType = "com.apple.product-type.application";
		};
		6B83E0C5260237FD003308E3 /* instagram-cloneTests */ = {
			isa = PBXNativeTarget;
			buildConfigurationList = 6B83E0DD260237FD003308E3 /* Build configuration list for PBXNativeTarget "instagram-cloneTests" */;
			buildPhases = (
				6B83E0C2260237FD003308E3 /* Sources */,
				6B83E0C3260237FD003308E3 /* Frameworks */,
				6B83E0C4260237FD003308E3 /* Resources */,
			);
			buildRules = (
			);
			dependencies = (
				6B83E0C8260237FD003308E3 /* PBXTargetDependency */,
			);
			name = "instagram-cloneTests";
			productName = "instagram-cloneTests";
			productReference = 6B83E0C6260237FD003308E3 /* instagram-cloneTests.xctest */;
			productType = "com.apple.product-type.bundle.unit-test";
		};
		6B83E0D0260237FD003308E3 /* instagram-cloneUITests */ = {
			isa = PBXNativeTarget;
			buildConfigurationList = 6B83E0E0260237FD003308E3 /* Build configuration list for PBXNativeTarget "instagram-cloneUITests" */;
			buildPhases = (
				6B83E0CD260237FD003308E3 /* Sources */,
				6B83E0CE260237FD003308E3 /* Frameworks */,
				6B83E0CF260237FD003308E3 /* Resources */,
			);
			buildRules = (
			);
			dependencies = (
				6B83E0D3260237FD003308E3 /* PBXTargetDependency */,
			);
			name = "instagram-cloneUITests";
			productName = "instagram-cloneUITests";
			productReference = 6B83E0D1260237FD003308E3 /* instagram-cloneUITests.xctest */;
			productType = "com.apple.product-type.bundle.ui-testing";
		};
/* End PBXNativeTarget section */

/* Begin PBXProject section */
		6B83E0A8260237FC003308E3 /* Project object */ = {
			isa = PBXProject;
			attributes = {
				LastSwiftUpdateCheck = 1240;
				LastUpgradeCheck = 1240;
				TargetAttributes = {
					6B83E0AF260237FC003308E3 = {
						CreatedOnToolsVersion = 12.4;
					};
					6B83E0C5260237FD003308E3 = {
						CreatedOnToolsVersion = 12.4;
						TestTargetID = 6B83E0AF260237FC003308E3;
					};
					6B83E0D0260237FD003308E3 = {
						CreatedOnToolsVersion = 12.4;
						TestTargetID = 6B83E0AF260237FC003308E3;
					};
				};
			};
			buildConfigurationList = 6B83E0AB260237FC003308E3 /* Build configuration list for PBXProject "instagram-clone" */;
			compatibilityVersion = "Xcode 9.3";
			developmentRegion = en;
			hasScannedForEncodings = 0;
			knownRegions = (
				en,
				Base,
			);
			mainGroup = 6B83E0A7260237FC003308E3;
			productRefGroup = 6B83E0B1260237FC003308E3 /* Products */;
			projectDirPath = "";
			projectRoot = "";
			targets = (
				6B83E0AF260237FC003308E3 /* instagram-clone */,
				6B83E0C5260237FD003308E3 /* instagram-cloneTests */,
				6B83E0D0260237FD003308E3 /* instagram-cloneUITests */,
			);
		};
/* End PBXProject section */

/* Begin PBXResourcesBuildPhase section */
		6B83E0AE260237FC003308E3 /* Resources */ = {
			isa = PBXResourcesBuildPhase;
			buildActionMask = 2147483647;
			files = (
				6B83E0C0260237FD003308E3 /* LaunchScreen.storyboard in Resources */,
				6B83E0BD260237FD003308E3 /* Assets.xcassets in Resources */,
				6B83E0BB260237FC003308E3 /* Main.storyboard in Resources */,
			);
			runOnlyForDeploymentPostprocessing = 0;
		};
		6B83E0C4260237FD003308E3 /* Resources */ = {
			isa = PBXResourcesBuildPhase;
			buildActionMask = 2147483647;
			files = (
			);
			runOnlyForDeploymentPostprocessing = 0;
		};
		6B83E0CF260237FD003308E3 /* Resources */ = {
			isa = PBXResourcesBuildPhase;
			buildActionMask = 2147483647;
			files = (
			);
			runOnlyForDeploymentPostprocessing = 0;
		};
/* End PBXResourcesBuildPhase section */

/* Begin PBXSourcesBuildPhase section */
		6B83E0AC260237FC003308E3 /* Sources */ = {
			isa = PBXSourcesBuildPhase;
			buildActionMask = 2147483647;
			files = (
				6B83E0B8260237FC003308E3 /* ViewController.swift in Sources */,
				6B83E10226023C4C003308E3 /* ImageSelectorController.swift in Sources */,
				6B83E10726023C59003308E3 /* NotificationController.swift in Sources */,
				6B83E0FD26023C3E003308E3 /* SearchController.swift in Sources */,
				6B83E0B4260237FC003308E3 /* AppDelegate.swift in Sources */,
				6B83E10C26023C65003308E3 /* ProfileController.swift in Sources */,
				6B83E0F826023C31003308E3 /* FeedController.swift in Sources */,
				6B83E0F0260239BE003308E3 /* MainTabController.swift in Sources */,
				6B83E0B6260237FC003308E3 /* SceneDelegate.swift in Sources */,
			);
			runOnlyForDeploymentPostprocessing = 0;
		};
		6B83E0C2260237FD003308E3 /* Sources */ = {
			isa = PBXSourcesBuildPhase;
			buildActionMask = 2147483647;
			files = (
				6B83E0CB260237FD003308E3 /* instagram_cloneTests.swift in Sources */,
			);
			runOnlyForDeploymentPostprocessing = 0;
		};
		6B83E0CD260237FD003308E3 /* Sources */ = {
			isa = PBXSourcesBuildPhase;
			buildActionMask = 2147483647;
			files = (
				6B83E0D6260237FD003308E3 /* instagram_cloneUITests.swift in Sources */,
			);
			runOnlyForDeploymentPostprocessing = 0;
		};
/* End PBXSourcesBuildPhase section */

/* Begin PBXTargetDependency section */
		6B83E0C8260237FD003308E3 /* PBXTargetDependency */ = {
			isa = PBXTargetDependency;
			target = 6B83E0AF260237FC003308E3 /* instagram-clone */;
			targetProxy = 6B83E0C7260237FD003308E3 /* PBXContainerItemProxy */;
		};
		6B83E0D3260237FD003308E3 /* PBXTargetDependency */ = {
			isa = PBXTargetDependency;
			target = 6B83E0AF260237FC003308E3 /* instagram-clone */;
			targetProxy = 6B83E0D2260237FD003308E3 /* PBXContainerItemProxy */;
		};
/* End PBXTargetDependency section */

/* Begin PBXVariantGroup section */
		6B83E0B9260237FC003308E3 /* Main.storyboard */ = {
			isa = PBXVariantGroup;
			children = (
				6B83E0BA260237FC003308E3 /* Base */,
			);
			name = Main.storyboard;
			sourceTree = "<group>";
		};
		6B83E0BE260237FD003308E3 /* LaunchScreen.storyboard */ = {
			isa = PBXVariantGroup;
			children = (
				6B83E0BF260237FD003308E3 /* Base */,
			);
			name = LaunchScreen.storyboard;
			sourceTree = "<group>";
		};
/* End PBXVariantGroup section */

/* Begin XCBuildConfiguration section */
		6B83E0D8260237FD003308E3 /* Debug */ = {
			isa = XCBuildConfiguration;
			buildSettings = {
				ALWAYS_SEARCH_USER_PATHS = NO;
				CLANG_ANALYZER_NONNULL = YES;
				CLANG_ANALYZER_NUMBER_OBJECT_CONVERSION = YES_AGGRESSIVE;
				CLANG_CXX_LANGUAGE_STANDARD = "gnu++14";
				CLANG_CXX_LIBRARY = "libc++";
				CLANG_ENABLE_MODULES = YES;
				CLANG_ENABLE_OBJC_ARC = YES;
				CLANG_ENABLE_OBJC_WEAK = YES;
				CLANG_WARN_BLOCK_CAPTURE_AUTORELEASING = YES;
				CLANG_WARN_BOOL_CONVERSION = YES;
				CLANG_WARN_COMMA = YES;
				CLANG_WARN_CONSTANT_CONVERSION = YES;
				CLANG_WARN_DEPRECATED_OBJC_IMPLEMENTATIONS = YES;
				CLANG_WARN_DIRECT_OBJC_ISA_USAGE = YES_ERROR;
				CLANG_WARN_DOCUMENTATION_COMMENTS = YES;
				CLANG_WARN_EMPTY_BODY = YES;
				CLANG_WARN_ENUM_CONVERSION = YES;
				CLANG_WARN_INFINITE_RECURSION = YES;
				CLANG_WARN_INT_CONVERSION = YES;
				CLANG_WARN_NON_LITERAL_NULL_CONVERSION = YES;
				CLANG_WARN_OBJC_IMPLICIT_RETAIN_SELF = YES;
				CLANG_WARN_OBJC_LITERAL_CONVERSION = YES;
				CLANG_WARN_OBJC_ROOT_CLASS = YES_ERROR;
				CLANG_WARN_QUOTED_INCLUDE_IN_FRAMEWORK_HEADER = YES;
				CLANG_WARN_RANGE_LOOP_ANALYSIS = YES;
				CLANG_WARN_STRICT_PROTOTYPES = YES;
				CLANG_WARN_SUSPICIOUS_MOVE = YES;
				CLANG_WARN_UNGUARDED_AVAILABILITY = YES_AGGRESSIVE;
				CLANG_WARN_UNREACHABLE_CODE = YES;
				CLANG_WARN__DUPLICATE_METHOD_MATCH = YES;
				COPY_PHASE_STRIP = NO;
				DEBUG_INFORMATION_FORMAT = dwarf;
				ENABLE_STRICT_OBJC_MSGSEND = YES;
				ENABLE_TESTABILITY = YES;
				GCC_C_LANGUAGE_STANDARD = gnu11;
				GCC_DYNAMIC_NO_PIC = NO;
				GCC_NO_COMMON_BLOCKS = YES;
				GCC_OPTIMIZATION_LEVEL = 0;
				GCC_PREPROCESSOR_DEFINITIONS = (
					"DEBUG=1",
					"$(inherited)",
				);
				GCC_WARN_64_TO_32_BIT_CONVERSION = YES;
				GCC_WARN_ABOUT_RETURN_TYPE = YES_ERROR;
				GCC_WARN_UNDECLARED_SELECTOR = YES;
				GCC_WARN_UNINITIALIZED_AUTOS = YES_AGGRESSIVE;
				GCC_WARN_UNUSED_FUNCTION = YES;
				GCC_WARN_UNUSED_VARIABLE = YES;
				IPHONEOS_DEPLOYMENT_TARGET = 14.4;
				MTL_ENABLE_DEBUG_INFO = INCLUDE_SOURCE;
				MTL_FAST_MATH = YES;
				ONLY_ACTIVE_ARCH = YES;
				SDKROOT = iphoneos;
				SWIFT_ACTIVE_COMPILATION_CONDITIONS = DEBUG;
				SWIFT_OPTIMIZATION_LEVEL = "-Onone";
			};
			name = Debug;
		};
		6B83E0D9260237FD003308E3 /* Release */ = {
			isa = XCBuildConfiguration;
			buildSettings = {
				ALWAYS_SEARCH_USER_PATHS = NO;
				CLANG_ANALYZER_NONNULL = YES;
				CLANG_ANALYZER_NUMBER_OBJECT_CONVERSION = YES_AGGRESSIVE;
				CLANG_CXX_LANGUAGE_STANDARD = "gnu++14";
				CLANG_CXX_LIBRARY = "libc++";
				CLANG_ENABLE_MODULES = YES;
				CLANG_ENABLE_OBJC_ARC = YES;
				CLANG_ENABLE_OBJC_WEAK = YES;
				CLANG_WARN_BLOCK_CAPTURE_AUTORELEASING = YES;
				CLANG_WARN_BOOL_CONVERSION = YES;
				CLANG_WARN_COMMA = YES;
				CLANG_WARN_CONSTANT_CONVERSION = YES;
				CLANG_WARN_DEPRECATED_OBJC_IMPLEMENTATIONS = YES;
				CLANG_WARN_DIRECT_OBJC_ISA_USAGE = YES_ERROR;
				CLANG_WARN_DOCUMENTATION_COMMENTS = YES;
				CLANG_WARN_EMPTY_BODY = YES;
				CLANG_WARN_ENUM_CONVERSION = YES;
				CLANG_WARN_INFINITE_RECURSION = YES;
				CLANG_WARN_INT_CONVERSION = YES;
				CLANG_WARN_NON_LITERAL_NULL_CONVERSION = YES;
				CLANG_WARN_OBJC_IMPLICIT_RETAIN_SELF = YES;
				CLANG_WARN_OBJC_LITERAL_CONVERSION = YES;
				CLANG_WARN_OBJC_ROOT_CLASS = YES_ERROR;
				CLANG_WARN_QUOTED_INCLUDE_IN_FRAMEWORK_HEADER = YES;
				CLANG_WARN_RANGE_LOOP_ANALYSIS = YES;
				CLANG_WARN_STRICT_PROTOTYPES = YES;
				CLANG_WARN_SUSPICIOUS_MOVE = YES;
				CLANG_WARN_UNGUARDED_AVAILABILITY = YES_AGGRESSIVE;
				CLANG_WARN_UNREACHABLE_CODE = YES;
				CLANG_WARN__DUPLICATE_METHOD_MATCH = YES;
				COPY_PHASE_STRIP = NO;
				DEBUG_INFORMATION_FORMAT = "dwarf-with-dsym";
				ENABLE_NS_ASSERTIONS = NO;
				ENABLE_STRICT_OBJC_MSGSEND = YES;
				GCC_C_LANGUAGE_STANDARD = gnu11;
				GCC_NO_COMMON_BLOCKS = YES;
				GCC_WARN_64_TO_32_BIT_CONVERSION = YES;
				GCC_WARN_ABOUT_RETURN_TYPE = YES_ERROR;
				GCC_WARN_UNDECLARED_SELECTOR = YES;
				GCC_WARN_UNINITIALIZED_AUTOS = YES_AGGRESSIVE;
				GCC_WARN_UNUSED_FUNCTION = YES;
				GCC_WARN_UNUSED_VARIABLE = YES;
				IPHONEOS_DEPLOYMENT_TARGET = 14.4;
				MTL_ENABLE_DEBUG_INFO = NO;
				MTL_FAST_MATH = YES;
				SDKROOT = iphoneos;
				SWIFT_COMPILATION_MODE = wholemodule;
				SWIFT_OPTIMIZATION_LEVEL = "-O";
				VALIDATE_PRODUCT = YES;
			};
			name = Release;
		};
		6B83E0DB260237FD003308E3 /* Debug */ = {
			isa = XCBuildConfiguration;
			buildSettings = {
				ASSETCATALOG_COMPILER_APPICON_NAME = AppIcon;
				ASSETCATALOG_COMPILER_GLOBAL_ACCENT_COLOR_NAME = AccentColor;
				CODE_SIGN_STYLE = Automatic;
				DEVELOPMENT_TEAM = A6SVV7LMGJ;
				INFOPLIST_FILE = "instagram-clone/Info.plist";
				LD_RUNPATH_SEARCH_PATHS = (
					"$(inherited)",
					"@executable_path/Frameworks",
				);
				PRODUCT_BUNDLE_IDENTIFIER = "codes.edolorenza.instagram-clone";
				PRODUCT_NAME = "$(TARGET_NAME)";
				SWIFT_VERSION = 5.0;
				TARGETED_DEVICE_FAMILY = "1,2";
			};
			name = Debug;
		};
		6B83E0DC260237FD003308E3 /* Release */ = {
			isa = XCBuildConfiguration;
			buildSettings = {
				ASSETCATALOG_COMPILER_APPICON_NAME = AppIcon;
				ASSETCATALOG_COMPILER_GLOBAL_ACCENT_COLOR_NAME = AccentColor;
				CODE_SIGN_STYLE = Automatic;
				DEVELOPMENT_TEAM = A6SVV7LMGJ;
				INFOPLIST_FILE = "instagram-clone/Info.plist";
				LD_RUNPATH_SEARCH_PATHS = (
					"$(inherited)",
					"@executable_path/Frameworks",
				);
				PRODUCT_BUNDLE_IDENTIFIER = "codes.edolorenza.instagram-clone";
				PRODUCT_NAME = "$(TARGET_NAME)";
				SWIFT_VERSION = 5.0;
				TARGETED_DEVICE_FAMILY = "1,2";
			};
			name = Release;
		};
		6B83E0DE260237FD003308E3 /* Debug */ = {
			isa = XCBuildConfiguration;
			buildSettings = {
				ALWAYS_EMBED_SWIFT_STANDARD_LIBRARIES = YES;
				BUNDLE_LOADER = "$(TEST_HOST)";
				CODE_SIGN_STYLE = Automatic;
				DEVELOPMENT_TEAM = A6SVV7LMGJ;
				INFOPLIST_FILE = "instagram-cloneTests/Info.plist";
				IPHONEOS_DEPLOYMENT_TARGET = 14.4;
				LD_RUNPATH_SEARCH_PATHS = (
					"$(inherited)",
					"@executable_path/Frameworks",
					"@loader_path/Frameworks",
				);
				PRODUCT_BUNDLE_IDENTIFIER = "codes.edolorenza.instagram-cloneTests";
				PRODUCT_NAME = "$(TARGET_NAME)";
				SWIFT_VERSION = 5.0;
				TARGETED_DEVICE_FAMILY = "1,2";
				TEST_HOST = "$(BUILT_PRODUCTS_DIR)/instagram-clone.app/instagram-clone";
			};
			name = Debug;
		};
		6B83E0DF260237FD003308E3 /* Release */ = {
			isa = XCBuildConfiguration;
			buildSettings = {
				ALWAYS_EMBED_SWIFT_STANDARD_LIBRARIES = YES;
				BUNDLE_LOADER = "$(TEST_HOST)";
				CODE_SIGN_STYLE = Automatic;
				DEVELOPMENT_TEAM = A6SVV7LMGJ;
				INFOPLIST_FILE = "instagram-cloneTests/Info.plist";
				IPHONEOS_DEPLOYMENT_TARGET = 14.4;
				LD_RUNPATH_SEARCH_PATHS = (
					"$(inherited)",
					"@executable_path/Frameworks",
					"@loader_path/Frameworks",
				);
				PRODUCT_BUNDLE_IDENTIFIER = "codes.edolorenza.instagram-cloneTests";
				PRODUCT_NAME = "$(TARGET_NAME)";
				SWIFT_VERSION = 5.0;
				TARGETED_DEVICE_FAMILY = "1,2";
				TEST_HOST = "$(BUILT_PRODUCTS_DIR)/instagram-clone.app/instagram-clone";
			};
			name = Release;
		};
		6B83E0E1260237FD003308E3 /* Debug */ = {
			isa = XCBuildConfiguration;
			buildSettings = {
				ALWAYS_EMBED_SWIFT_STANDARD_LIBRARIES = YES;
				CODE_SIGN_STYLE = Automatic;
				DEVELOPMENT_TEAM = A6SVV7LMGJ;
				INFOPLIST_FILE = "instagram-cloneUITests/Info.plist";
				LD_RUNPATH_SEARCH_PATHS = (
					"$(inherited)",
					"@executable_path/Frameworks",
					"@loader_path/Frameworks",
				);
				PRODUCT_BUNDLE_IDENTIFIER = "codes.edolorenza.instagram-cloneUITests";
				PRODUCT_NAME = "$(TARGET_NAME)";
				SWIFT_VERSION = 5.0;
				TARGETED_DEVICE_FAMILY = "1,2";
				TEST_TARGET_NAME = "instagram-clone";
			};
			name = Debug;
		};
		6B83E0E2260237FD003308E3 /* Release */ = {
			isa = XCBuildConfiguration;
			buildSettings = {
				ALWAYS_EMBED_SWIFT_STANDARD_LIBRARIES = YES;
				CODE_SIGN_STYLE = Automatic;
				DEVELOPMENT_TEAM = A6SVV7LMGJ;
				INFOPLIST_FILE = "instagram-cloneUITests/Info.plist";
				LD_RUNPATH_SEARCH_PATHS = (
					"$(inherited)",
					"@executable_path/Frameworks",
					"@loader_path/Frameworks",
				);
				PRODUCT_BUNDLE_IDENTIFIER = "codes.edolorenza.instagram-cloneUITests";
				PRODUCT_NAME = "$(TARGET_NAME)";
				SWIFT_VERSION = 5.0;
				TARGETED_DEVICE_FAMILY = "1,2";
				TEST_TARGET_NAME = "instagram-clone";
			};
			name = Release;
		};
/* End XCBuildConfiguration section */

/* Begin XCConfigurationList section */
		6B83E0AB260237FC003308E3 /* Build configuration list for PBXProject "instagram-clone" */ = {
			isa = XCConfigurationList;
			buildConfigurations = (
				6B83E0D8260237FD003308E3 /* Debug */,
				6B83E0D9260237FD003308E3 /* Release */,
			);
			defaultConfigurationIsVisible = 0;
			defaultConfigurationName = Release;
		};
		6B83E0DA260237FD003308E3 /* Build configuration list for PBXNativeTarget "instagram-clone" */ = {
			isa = XCConfigurationList;
			buildConfigurations = (
				6B83E0DB260237FD003308E3 /* Debug */,
				6B83E0DC260237FD003308E3 /* Release */,
			);
			defaultConfigurationIsVisible = 0;
			defaultConfigurationName = Release;
		};
		6B83E0DD260237FD003308E3 /* Build configuration list for PBXNativeTarget "instagram-cloneTests" */ = {
			isa = XCConfigurationList;
			buildConfigurations = (
				6B83E0DE260237FD003308E3 /* Debug */,
				6B83E0DF260237FD003308E3 /* Release */,
			);
			defaultConfigurationIsVisible = 0;
			defaultConfigurationName = Release;
		};
		6B83E0E0260237FD003308E3 /* Build configuration list for PBXNativeTarget "instagram-cloneUITests" */ = {
			isa = XCConfigurationList;
			buildConfigurations = (
				6B83E0E1260237FD003308E3 /* Debug */,
				6B83E0E2260237FD003308E3 /* Release */,
			);
			defaultConfigurationIsVisible = 0;
			defaultConfigurationName = Release;
		};
/* End XCConfigurationList section */
	};
	rootObject = 6B83E0A8260237FC003308E3 /* Project object */;
}
